
Microsoft Visual Studio Solution File, Format Version 12.00
# Visual Studio Version 16
VisualStudioVersion = 16.0.31321.278
MinimumVisualStudioVersion = 10.0.40219.1
Project("{FAE04EC0-301F-11D3-BF4B-00C04F79EFBC}") = "MyFirstWebApi", "MyFirstWebApi\MyFirstWebApi.csproj", "{961647E0-1CC6-4FB5-8DA0-DFAADF8F8849}"
EndProject
Global
	GlobalSection(SolutionConfigurationPlatforms) = preSolution
		Debug|Any CPU = Debug|Any CPU
		Release|Any CPU = Release|Any CPU
	EndGlobalSection
	GlobalSection(ProjectConfigurationPlatforms) = postSolution
		{961647E0-1CC6-4FB5-8DA0-DFAADF8F8849}.Debug|Any CPU.ActiveCfg = Debug|Any CPU
		{961647E0-1CC6-4FB5-8DA0-DFAADF8F8849}.Debug|Any CPU.Build.0 = Debug|Any CPU
		{961647E0-1CC6-4FB5-8DA0-DFAADF8F8849}.Release|Any CPU.ActiveCfg = Release|Any CPU
		{961647E0-1CC6-4FB5-8DA0-DFAADF8F8849}.Release|Any CPU.Build.0 = Release|Any CPU
	EndGlobalSection
	GlobalSection(SolutionProperties) = preSolution
		HideSolutionNode = FALSE
	EndGlobalSection
	GlobalSection(ExtensibilityGlobals) = postSolution
		SolutionGuid = {AFBA6CBA-C558-4DBF-A5FF-7A911E30DE00}
	EndGlobalSection
EndGlobal
